// !$*UTF8*$!
{
	archiveVersion = 1;
	classes = {
	};
	objectVersion = 56;
	objects = {

/* Begin PBXBuildFile section */
		46250E692C08885000659534 /* petdetailsApp.swift in Sources */ = {isa = PBXBuildFile; fileRef = 46250E682C08885000659534 /* petdetailsApp.swift */; };
		46250E6B2C08885000659534 /* ContentView.swift in Sources */ = {isa = PBXBuildFile; fileRef = 46250E6A2C08885000659534 /* ContentView.swift */; };
		46250E6D2C08885300659534 /* Assets.xcassets in Resources */ = {isa = PBXBuildFile; fileRef = 46250E6C2C08885300659534 /* Assets.xcassets */; };
		46250E702C08885300659534 /* Preview Assets.xcassets in Resources */ = {isa = PBXBuildFile; fileRef = 46250E6F2C08885300659534 /* Preview Assets.xcassets */; };
		46250E722C08885300659534 /* Persistence.swift in Sources */ = {isa = PBXBuildFile; fileRef = 46250E712C08885300659534 /* Persistence.swift */; };
		46250E752C08885300659534 /* petdetails.xcdatamodeld in Sources */ = {isa = PBXBuildFile; fileRef = 46250E732C08885300659534 /* petdetails.xcdatamodeld */; };
		46250E7F2C08885400659534 /* petdetailsTests.swift in Sources */ = {isa = PBXBuildFile; fileRef = 46250E7E2C08885400659534 /* petdetailsTests.swift */; };
		46250E892C08885400659534 /* petdetailsUITests.swift in Sources */ = {isa = PBXBuildFile; fileRef = 46250E882C08885400659534 /* petdetailsUITests.swift */; };
		46250E8B2C08885400659534 /* petdetailsUITestsLaunchTests.swift in Sources */ = {isa = PBXBuildFile; fileRef = 46250E8A2C08885400659534 /* petdetailsUITestsLaunchTests.swift */; };
/* End PBXBuildFile section */

/* Begin PBXContainerItemProxy section */
		46250E7B2C08885400659534 /* PBXContainerItemProxy */ = {
			isa = PBXContainerItemProxy;
			containerPortal = 46250E5D2C08885000659534 /* Project object */;
			proxyType = 1;
			remoteGlobalIDString = 46250E642C08885000659534;
			remoteInfo = petdetails;
		};
		46250E852C08885400659534 /* PBXContainerItemProxy */ = {
			isa = PBXContainerItemProxy;
			containerPortal = 46250E5D2C08885000659534 /* Project object */;
			proxyType = 1;
			remoteGlobalIDString = 46250E642C08885000659534;
			remoteInfo = petdetails;
		};
/* End PBXContainerItemProxy section */

/* Begin PBXFileReference section */
		46250E652C08885000659534 /* petdetails.app */ = {isa = PBXFileReference; explicitFileType = wrapper.application; includeInIndex = 0; path = petdetails.app; sourceTree = BUILT_PRODUCTS_DIR; };
		46250E682C08885000659534 /* petdetailsApp.swift */ = {isa = PBXFileReference; lastKnownFileType = sourcecode.swift; path = petdetailsApp.swift; sourceTree = "<group>"; };
		46250E6A2C08885000659534 /* ContentView.swift */ = {isa = PBXFileReference; lastKnownFileType = sourcecode.swift; path = ContentView.swift; sourceTree = "<group>"; };
		46250E6C2C08885300659534 /* Assets.xcassets */ = {isa = PBXFileReference; lastKnownFileType = folder.assetcatalog; path = Assets.xcassets; sourceTree = "<group>"; };
		46250E6F2C08885300659534 /* Preview Assets.xcassets */ = {isa = PBXFileReference; lastKnownFileType = folder.assetcatalog; path = "Preview Assets.xcassets"; sourceTree = "<group>"; };
		46250E712C08885300659534 /* Persistence.swift */ = {isa = PBXFileReference; lastKnownFileType = sourcecode.swift; path = Persistence.swift; sourceTree = "<group>"; };
		46250E742C08885300659534 /* petdetails.xcdatamodel */ = {isa = PBXFileReference; lastKnownFileType = wrapper.xcdatamodel; path = petdetails.xcdatamodel; sourceTree = "<group>"; };
		46250E7A2C08885400659534 /* petdetailsTests.xctest */ = {isa = PBXFileReference; explicitFileType = wrapper.cfbundle; includeInIndex = 0; path = petdetailsTests.xctest; sourceTree = BUILT_PRODUCTS_DIR; };
		46250E7E2C08885400659534 /* petdetailsTests.swift */ = {isa = PBXFileReference; lastKnownFileType = sourcecode.swift; path = petdetailsTests.swift; sourceTree = "<group>"; };
		46250E842C08885400659534 /* petdetailsUITests.xctest */ = {isa = PBXFileReference; explicitFileType = wrapper.cfbundle; includeInIndex = 0; path = petdetailsUITests.xctest; sourceTree = BUILT_PRODUCTS_DIR; };
		46250E882C08885400659534 /* petdetailsUITests.swift */ = {isa = PBXFileReference; lastKnownFileType = sourcecode.swift; path = petdetailsUITests.swift; sourceTree = "<group>"; };
		46250E8A2C08885400659534 /* petdetailsUITestsLaunchTests.swift */ = {isa = PBXFileReference; lastKnownFileType = sourcecode.swift; path = petdetailsUITestsLaunchTests.swift; sourceTree = "<group>"; };
/* End PBXFileReference section */

/* Begin PBXFrameworksBuildPhase section */
		46250E622C08885000659534 /* Frameworks */ = {
			isa = PBXFrameworksBuildPhase;
			buildActionMask = 2147483647;
			files = (
			);
			runOnlyForDeploymentPostprocessing = 0;
		};
		46250E772C08885400659534 /* Frameworks */ = {
			isa = PBXFrameworksBuildPhase;
			buildActionMask = 2147483647;
			files = (
			);
			runOnlyForDeploymentPostprocessing = 0;
		};
		46250E812C08885400659534 /* Frameworks */ = {
			isa = PBXFrameworksBuildPhase;
			buildActionMask = 2147483647;
			files = (
			);
			runOnlyForDeploymentPostprocessing = 0;
		};
/* End PBXFrameworksBuildPhase section */

/* Begin PBXGroup section */
		46250E5C2C08885000659534 = {
			isa = PBXGroup;
			children = (
				46250E672C08885000659534 /* petdetails */,
				46250E7D2C08885400659534 /* petdetailsTests */,
				46250E872C08885400659534 /* petdetailsUITests */,
				46250E662C08885000659534 /* Products */,
			);
			sourceTree = "<group>";
		};
		46250E662C08885000659534 /* Products */ = {
			isa = PBXGroup;
			children = (
				46250E652C08885000659534 /* petdetails.app */,
				46250E7A2C08885400659534 /* petdetailsTests.xctest */,
				46250E842C08885400659534 /* petdetailsUITests.xctest */,
			);
			name = Products;
			sourceTree = "<group>";
		};
		46250E672C08885000659534 /* petdetails */ = {
			isa = PBXGroup;
			children = (
				46250E682C08885000659534 /* petdetailsApp.swift */,
				46250E6A2C08885000659534 /* ContentView.swift */,
				46250E6C2C08885300659534 /* Assets.xcassets */,
				46250E712C08885300659534 /* Persistence.swift */,
				46250E732C08885300659534 /* petdetails.xcdatamodeld */,
				46250E6E2C08885300659534 /* Preview Content */,
			);
			path = petdetails;
			sourceTree = "<group>";
		};
		46250E6E2C08885300659534 /* Preview Content */ = {
			isa = PBXGroup;
			children = (
				46250E6F2C08885300659534 /* Preview Assets.xcassets */,
			);
			path = "Preview Content";
			sourceTree = "<group>";
		};
		46250E7D2C08885400659534 /* petdetailsTests */ = {
			isa = PBXGroup;
			children = (
				46250E7E2C08885400659534 /* petdetailsTests.swift */,
			);
			path = petdetailsTests;
			sourceTree = "<group>";
		};
		46250E872C08885400659534 /* petdetailsUITests */ = {
			isa = PBXGroup;
			children = (
				46250E882C08885400659534 /* petdetailsUITests.swift */,
				46250E8A2C08885400659534 /* petdetailsUITestsLaunchTests.swift */,
			);
			path = petdetailsUITests;
			sourceTree = "<group>";
		};
/* End PBXGroup section */

/* Begin PBXNativeTarget section */
		46250E642C08885000659534 /* petdetails */ = {
			isa = PBXNativeTarget;
			buildConfigurationList = 46250E8E2C08885400659534 /* Build configuration list for PBXNativeTarget "petdetails" */;
			buildPhases = (
				46250E612C08885000659534 /* Sources */,
				46250E622C08885000659534 /* Frameworks */,
				46250E632C08885000659534 /* Resources */,
			);
			buildRules = (
			);
			dependencies = (
			);
			name = petdetails;
			productName = petdetails;
			productReference = 46250E652C08885000659534 /* petdetails.app */;
			productType = "com.apple.product-type.application";
		};
		46250E792C08885400659534 /* petdetailsTests */ = {
			isa = PBXNativeTarget;
			buildConfigurationList = 46250E912C08885400659534 /* Build configuration list for PBXNativeTarget "petdetailsTests" */;
			buildPhases = (
				46250E762C08885400659534 /* Sources */,
				46250E772C08885400659534 /* Frameworks */,
				46250E782C08885400659534 /* Resources */,
			);
			buildRules = (
			);
			dependencies = (
				46250E7C2C08885400659534 /* PBXTargetDependency */,
			);
			name = petdetailsTests;
			productName = petdetailsTests;
			productReference = 46250E7A2C08885400659534 /* petdetailsTests.xctest */;
			productType = "com.apple.product-type.bundle.unit-test";
		};
		46250E832C08885400659534 /* petdetailsUITests */ = {
			isa = PBXNativeTarget;
			buildConfigurationList = 46250E942C08885400659534 /* Build configuration list for PBXNativeTarget "petdetailsUITests" */;
			buildPhases = (
				46250E802C08885400659534 /* Sources */,
				46250E812C08885400659534 /* Frameworks */,
				46250E822C08885400659534 /* Resources */,
			);
			buildRules = (
			);
			dependencies = (
				46250E862C08885400659534 /* PBXTargetDependency */,
			);
			name = petdetailsUITests;
			productName = petdetailsUITests;
			productReference = 46250E842C08885400659534 /* petdetailsUITests.xctest */;
			productType = "com.apple.product-type.bundle.ui-testing";
		};
/* End PBXNativeTarget section */

/* Begin PBXProject section */
		46250E5D2C08885000659534 /* Project object */ = {
			isa = PBXProject;
			attributes = {
				BuildIndependentTargetsInParallel = 1;
				LastSwiftUpdateCheck = 1540;
				LastUpgradeCheck = 1540;
				TargetAttributes = {
					46250E642C08885000659534 = {
						CreatedOnToolsVersion = 15.4;
					};
					46250E792C08885400659534 = {
						CreatedOnToolsVersion = 15.4;
						TestTargetID = 46250E642C08885000659534;
					};
					46250E832C08885400659534 = {
						CreatedOnToolsVersion = 15.4;
						TestTargetID = 46250E642C08885000659534;
					};
				};
			};
			buildConfigurationList = 46250E602C08885000659534 /* Build configuration list for PBXProject "petdetails" */;
			compatibilityVersion = "Xcode 14.0";
			developmentRegion = en;
			hasScannedForEncodings = 0;
			knownRegions = (
				en,
				Base,
			);
			mainGroup = 46250E5C2C08885000659534;
			productRefGroup = 46250E662C08885000659534 /* Products */;
			projectDirPath = "";
			projectRoot = "";
			targets = (
				46250E642C08885000659534 /* petdetails */,
				46250E792C08885400659534 /* petdetailsTests */,
				46250E832C08885400659534 /* petdetailsUITests */,
			);
		};
/* End PBXProject section */

/* Begin PBXResourcesBuildPhase section */
		46250E632C08885000659534 /* Resources */ = {
			isa = PBXResourcesBuildPhase;
			buildActionMask = 2147483647;
			files = (
				46250E702C08885300659534 /* Preview Assets.xcassets in Resources */,
				46250E6D2C08885300659534 /* Assets.xcassets in Resources */,
			);
			runOnlyForDeploymentPostprocessing = 0;
		};
		46250E782C08885400659534 /* Resources */ = {
			isa = PBXResourcesBuildPhase;
			buildActionMask = 2147483647;
			files = (
			);
			runOnlyForDeploymentPostprocessing = 0;
		};
		46250E822C08885400659534 /* Resources */ = {
			isa = PBXResourcesBuildPhase;
			buildActionMask = 2147483647;
			files = (
			);
			runOnlyForDeploymentPostprocessing = 0;
		};
/* End PBXResourcesBuildPhase section */

/* Begin PBXSourcesBuildPhase section */
		46250E612C08885000659534 /* Sources */ = {
			isa = PBXSourcesBuildPhase;
			buildActionMask = 2147483647;
			files = (
				46250E722C08885300659534 /* Persistence.swift in Sources */,
				46250E6B2C08885000659534 /* ContentView.swift in Sources */,
				46250E752C08885300659534 /* petdetails.xcdatamodeld in Sources */,
				46250E692C08885000659534 /* petdetailsApp.swift in Sources */,
			);
			runOnlyForDeploymentPostprocessing = 0;
		};
		46250E762C08885400659534 /* Sources */ = {
			isa = PBXSourcesBuildPhase;
			buildActionMask = 2147483647;
			files = (
				46250E7F2C08885400659534 /* petdetailsTests.swift in Sources */,
			);
			runOnlyForDeploymentPostprocessing = 0;
		};
		46250E802C08885400659534 /* Sources */ = {
			isa = PBXSourcesBuildPhase;
			buildActionMask = 2147483647;
			files = (
				46250E892C08885400659534 /* petdetailsUITests.swift in Sources */,
				46250E8B2C08885400659534 /* petdetailsUITestsLaunchTests.swift in Sources */,
			);
			runOnlyForDeploymentPostprocessing = 0;
		};
/* End PBXSourcesBuildPhase section */

/* Begin PBXTargetDependency section */
		46250E7C2C08885400659534 /* PBXTargetDependency */ = {
			isa = PBXTargetDependency;
			target = 46250E642C08885000659534 /* petdetails */;
			targetProxy = 46250E7B2C08885400659534 /* PBXContainerItemProxy */;
		};
		46250E862C08885400659534 /* PBXTargetDependency */ = {
			isa = PBXTargetDependency;
			target = 46250E642C08885000659534 /* petdetails */;
			targetProxy = 46250E852C08885400659534 /* PBXContainerItemProxy */;
		};
/* End PBXTargetDependency section */

/* Begin XCBuildConfiguration section */
		46250E8C2C08885400659534 /* Debug */ = {
			isa = XCBuildConfiguration;
			buildSettings = {
				ALWAYS_SEARCH_USER_PATHS = NO;
				ASSETCATALOG_COMPILER_GENERATE_SWIFT_ASSET_SYMBOL_EXTENSIONS = YES;
				CLANG_ANALYZER_NONNULL = YES;
				CLANG_ANALYZER_NUMBER_OBJECT_CONVERSION = YES_AGGRESSIVE;
				CLANG_CXX_LANGUAGE_STANDARD = "gnu++20";
				CLANG_ENABLE_MODULES = YES;
				CLANG_ENABLE_OBJC_ARC = YES;
				CLANG_ENABLE_OBJC_WEAK = YES;
				CLANG_WARN_BLOCK_CAPTURE_AUTORELEASING = YES;
				CLANG_WARN_BOOL_CONVERSION = YES;
				CLANG_WARN_COMMA = YES;
				CLANG_WARN_CONSTANT_CONVERSION = YES;
				CLANG_WARN_DEPRECATED_OBJC_IMPLEMENTATIONS = YES;
				CLANG_WARN_DIRECT_OBJC_ISA_USAGE = YES_ERROR;
				CLANG_WARN_DOCUMENTATION_COMMENTS = YES;
				CLANG_WARN_EMPTY_BODY = YES;
				CLANG_WARN_ENUM_CONVERSION = YES;
				CLANG_WARN_INFINITE_RECURSION = YES;
				CLANG_WARN_INT_CONVERSION = YES;
				CLANG_WARN_NON_LITERAL_NULL_CONVERSION = YES;
				CLANG_WARN_OBJC_IMPLICIT_RETAIN_SELF = YES;
				CLANG_WARN_OBJC_LITERAL_CONVERSION = YES;
				CLANG_WARN_OBJC_ROOT_CLASS = YES_ERROR;
				CLANG_WARN_QUOTED_INCLUDE_IN_FRAMEWORK_HEADER = YES;
				CLANG_WARN_RANGE_LOOP_ANALYSIS = YES;
				CLANG_WARN_STRICT_PROTOTYPES = YES;
				CLANG_WARN_SUSPICIOUS_MOVE = YES;
				CLANG_WARN_UNGUARDED_AVAILABILITY = YES_AGGRESSIVE;
				CLANG_WARN_UNREACHABLE_CODE = YES;
				CLANG_WARN__DUPLICATE_METHOD_MATCH = YES;
				COPY_PHASE_STRIP = NO;
				DEBUG_INFORMATION_FORMAT = dwarf;
				ENABLE_STRICT_OBJC_MSGSEND = YES;
				ENABLE_TESTABILITY = YES;
				ENABLE_USER_SCRIPT_SANDBOXING = YES;
				GCC_C_LANGUAGE_STANDARD = gnu17;
				GCC_DYNAMIC_NO_PIC = NO;
				GCC_NO_COMMON_BLOCKS = YES;
				GCC_OPTIMIZATION_LEVEL = 0;
				GCC_PREPROCESSOR_DEFINITIONS = (
					"DEBUG=1",
					"$(inherited)",
				);
				GCC_WARN_64_TO_32_BIT_CONVERSION = YES;
				GCC_WARN_ABOUT_RETURN_TYPE = YES_ERROR;
				GCC_WARN_UNDECLARED_SELECTOR = YES;
				GCC_WARN_UNINITIALIZED_AUTOS = YES_AGGRESSIVE;
				GCC_WARN_UNUSED_FUNCTION = YES;
				GCC_WARN_UNUSED_VARIABLE = YES;
				IPHONEOS_DEPLOYMENT_TARGET = 17.5;
				LOCALIZATION_PREFERS_STRING_CATALOGS = YES;
				MTL_ENABLE_DEBUG_INFO = INCLUDE_SOURCE;
				MTL_FAST_MATH = YES;
				ONLY_ACTIVE_ARCH = YES;
				SDKROOT = iphoneos;
				SWIFT_ACTIVE_COMPILATION_CONDITIONS = "DEBUG $(inherited)";
				SWIFT_OPTIMIZATION_LEVEL = "-Onone";
			};
			name = Debug;
		};
		46250E8D2C08885400659534 /* Release */ = {
			isa = XCBuildConfiguration;
			buildSettings = {
				ALWAYS_SEARCH_USER_PATHS = NO;
				ASSETCATALOG_COMPILER_GENERATE_SWIFT_ASSET_SYMBOL_EXTENSIONS = YES;
				CLANG_ANALYZER_NONNULL = YES;
				CLANG_ANALYZER_NUMBER_OBJECT_CONVERSION = YES_AGGRESSIVE;
				CLANG_CXX_LANGUAGE_STANDARD = "gnu++20";
				CLANG_ENABLE_MODULES = YES;
				CLANG_ENABLE_OBJC_ARC = YES;
				CLANG_ENABLE_OBJC_WEAK = YES;
				CLANG_WARN_BLOCK_CAPTURE_AUTORELEASING = YES;
				CLANG_WARN_BOOL_CONVERSION = YES;
				CLANG_WARN_COMMA = YES;
				CLANG_WARN_CONSTANT_CONVERSION = YES;
				CLANG_WARN_DEPRECATED_OBJC_IMPLEMENTATIONS = YES;
				CLANG_WARN_DIRECT_OBJC_ISA_USAGE = YES_ERROR;
				CLANG_WARN_DOCUMENTATION_COMMENTS = YES;
				CLANG_WARN_EMPTY_BODY = YES;
				CLANG_WARN_ENUM_CONVERSION = YES;
				CLANG_WARN_INFINITE_RECURSION = YES;
				CLANG_WARN_INT_CONVERSION = YES;
				CLANG_WARN_NON_LITERAL_NULL_CONVERSION = YES;
				CLANG_WARN_OBJC_IMPLICIT_RETAIN_SELF = YES;
				CLANG_WARN_OBJC_LITERAL_CONVERSION = YES;
				CLANG_WARN_OBJC_ROOT_CLASS = YES_ERROR;
				CLANG_WARN_QUOTED_INCLUDE_IN_FRAMEWORK_HEADER = YES;
				CLANG_WARN_RANGE_LOOP_ANALYSIS = YES;
				CLANG_WARN_STRICT_PROTOTYPES = YES;
				CLANG_WARN_SUSPICIOUS_MOVE = YES;
				CLANG_WARN_UNGUARDED_AVAILABILITY = YES_AGGRESSIVE;
				CLANG_WARN_UNREACHABLE_CODE = YES;
				CLANG_WARN__DUPLICATE_METHOD_MATCH = YES;
				COPY_PHASE_STRIP = NO;
				DEBUG_INFORMATION_FORMAT = "dwarf-with-dsym";
				ENABLE_NS_ASSERTIONS = NO;
				ENABLE_STRICT_OBJC_MSGSEND = YES;
				ENABLE_USER_SCRIPT_SANDBOXING = YES;
				GCC_C_LANGUAGE_STANDARD = gnu17;
				GCC_NO_COMMON_BLOCKS = YES;
				GCC_WARN_64_TO_32_BIT_CONVERSION = YES;
				GCC_WARN_ABOUT_RETURN_TYPE = YES_ERROR;
				GCC_WARN_UNDECLARED_SELECTOR = YES;
				GCC_WARN_UNINITIALIZED_AUTOS = YES_AGGRESSIVE;
				GCC_WARN_UNUSED_FUNCTION = YES;
				GCC_WARN_UNUSED_VARIABLE = YES;
				IPHONEOS_DEPLOYMENT_TARGET = 17.5;
				LOCALIZATION_PREFERS_STRING_CATALOGS = YES;
				MTL_ENABLE_DEBUG_INFO = NO;
				MTL_FAST_MATH = YES;
				SDKROOT = iphoneos;
				SWIFT_COMPILATION_MODE = wholemodule;
				VALIDATE_PRODUCT = YES;
			};
			name = Release;
		};
		46250E8F2C08885400659534 /* Debug */ = {
			isa = XCBuildConfiguration;
			buildSettings = {
				ASSETCATALOG_COMPILER_APPICON_NAME = AppIcon;
				ASSETCATALOG_COMPILER_GLOBAL_ACCENT_COLOR_NAME = AccentColor;
				CODE_SIGN_STYLE = Automatic;
				CURRENT_PROJECT_VERSION = 1;
				DEVELOPMENT_ASSET_PATHS = "\"petdetails/Preview Content\"";
				DEVELOPMENT_TEAM = BA4ULKZFP8;
				ENABLE_PREVIEWS = YES;
				GENERATE_INFOPLIST_FILE = YES;
				INFOPLIST_KEY_UIApplicationSceneManifest_Generation = YES;
				INFOPLIST_KEY_UIApplicationSupportsIndirectInputEvents = YES;
				INFOPLIST_KEY_UILaunchScreen_Generation = YES;
				INFOPLIST_KEY_UISupportedInterfaceOrientations_iPad = "UIInterfaceOrientationPortrait UIInterfaceOrientationPortraitUpsideDown UIInterfaceOrientationLandscapeLeft UIInterfaceOrientationLandscapeRight";
				INFOPLIST_KEY_UISupportedInterfaceOrientations_iPhone = "UIInterfaceOrientationPortrait UIInterfaceOrientationLandscapeLeft UIInterfaceOrientationLandscapeRight";
				LD_RUNPATH_SEARCH_PATHS = (
					"$(inherited)",
					"@executable_path/Frameworks",
				);
				MARKETING_VERSION = 1.0;
				PRODUCT_BUNDLE_IDENTIFIER = Nowen.petdetails;
				PRODUCT_NAME = "$(TARGET_NAME)";
				SWIFT_EMIT_LOC_STRINGS = YES;
				SWIFT_VERSION = 5.0;
				TARGETED_DEVICE_FAMILY = "1,2";
			};
			name = Debug;
		};
		46250E902C08885400659534 /* Release */ = {
			isa = XCBuildConfiguration;
			buildSettings = {
				ASSETCATALOG_COMPILER_APPICON_NAME = AppIcon;
				ASSETCATALOG_COMPILER_GLOBAL_ACCENT_COLOR_NAME = AccentColor;
				CODE_SIGN_STYLE = Automatic;
				CURRENT_PROJECT_VERSION = 1;
				DEVELOPMENT_ASSET_PATHS = "\"petdetails/Preview Content\"";
				DEVELOPMENT_TEAM = BA4ULKZFP8;
				ENABLE_PREVIEWS = YES;
				GENERATE_INFOPLIST_FILE = YES;
				INFOPLIST_KEY_UIApplicationSceneManifest_Generation = YES;
				INFOPLIST_KEY_UIApplicationSupportsIndirectInputEvents = YES;
				INFOPLIST_KEY_UILaunchScreen_Generation = YES;
				INFOPLIST_KEY_UISupportedInterfaceOrientations_iPad = "UIInterfaceOrientationPortrait UIInterfaceOrientationPortraitUpsideDown UIInterfaceOrientationLandscapeLeft UIInterfaceOrientationLandscapeRight";
				INFOPLIST_KEY_UISupportedInterfaceOrientations_iPhone = "UIInterfaceOrientationPortrait UIInterfaceOrientationLandscapeLeft UIInterfaceOrientationLandscapeRight";
				LD_RUNPATH_SEARCH_PATHS = (
					"$(inherited)",
					"@executable_path/Frameworks",
				);
				MARKETING_VERSION = 1.0;
				PRODUCT_BUNDLE_IDENTIFIER = Nowen.petdetails;
				PRODUCT_NAME = "$(TARGET_NAME)";
				SWIFT_EMIT_LOC_STRINGS = YES;
				SWIFT_VERSION = 5.0;
				TARGETED_DEVICE_FAMILY = "1,2";
			};
			name = Release;
		};
		46250E922C08885400659534 /* Debug */ = {
			isa = XCBuildConfiguration;
			buildSettings = {
				ALWAYS_EMBED_SWIFT_STANDARD_LIBRARIES = YES;
				BUNDLE_LOADER = "$(TEST_HOST)";
				CODE_SIGN_STYLE = Automatic;
				CURRENT_PROJECT_VERSION = 1;
				DEVELOPMENT_TEAM = BA4ULKZFP8;
				GENERATE_INFOPLIST_FILE = YES;
				IPHONEOS_DEPLOYMENT_TARGET = 17.5;
				MARKETING_VERSION = 1.0;
				PRODUCT_BUNDLE_IDENTIFIER = Nowen.petdetailsTests;
				PRODUCT_NAME = "$(TARGET_NAME)";
				SWIFT_EMIT_LOC_STRINGS = NO;
				SWIFT_VERSION = 5.0;
				TARGETED_DEVICE_FAMILY = "1,2";
				TEST_HOST = "$(BUILT_PRODUCTS_DIR)/petdetails.app/$(BUNDLE_EXECUTABLE_FOLDER_PATH)/petdetails";
			};
			name = Debug;
		};
		46250E932C08885400659534 /* Release */ = {
			isa = XCBuildConfiguration;
			buildSettings = {
				ALWAYS_EMBED_SWIFT_STANDARD_LIBRARIES = YES;
				BUNDLE_LOADER = "$(TEST_HOST)";
				CODE_SIGN_STYLE = Automatic;
				CURRENT_PROJECT_VERSION = 1;
				DEVELOPMENT_TEAM = BA4ULKZFP8;
				GENERATE_INFOPLIST_FILE = YES;
				IPHONEOS_DEPLOYMENT_TARGET = 17.5;
				MARKETING_VERSION = 1.0;
				PRODUCT_BUNDLE_IDENTIFIER = Nowen.petdetailsTests;
				PRODUCT_NAME = "$(TARGET_NAME)";
				SWIFT_EMIT_LOC_STRINGS = NO;
				SWIFT_VERSION = 5.0;
				TARGETED_DEVICE_FAMILY = "1,2";
				TEST_HOST = "$(BUILT_PRODUCTS_DIR)/petdetails.app/$(BUNDLE_EXECUTABLE_FOLDER_PATH)/petdetails";
			};
			name = Release;
		};
		46250E952C08885400659534 /* Debug */ = {
			isa = XCBuildConfiguration;
			buildSettings = {
				ALWAYS_EMBED_SWIFT_STANDARD_LIBRARIES = YES;
				CODE_SIGN_STYLE = Automatic;
				CURRENT_PROJECT_VERSION = 1;
				DEVELOPMENT_TEAM = BA4ULKZFP8;
				GENERATE_INFOPLIST_FILE = YES;
				MARKETING_VERSION = 1.0;
				PRODUCT_BUNDLE_IDENTIFIER = Nowen.petdetailsUITests;
				PRODUCT_NAME = "$(TARGET_NAME)";
				SWIFT_EMIT_LOC_STRINGS = NO;
				SWIFT_VERSION = 5.0;
				TARGETED_DEVICE_FAMILY = "1,2";
				TEST_TARGET_NAME = petdetails;
			};
			name = Debug;
		};
		46250E962C08885400659534 /* Release */ = {
			isa = XCBuildConfiguration;
			buildSettings = {
				ALWAYS_EMBED_SWIFT_STANDARD_LIBRARIES = YES;
				CODE_SIGN_STYLE = Automatic;
				CURRENT_PROJECT_VERSION = 1;
				DEVELOPMENT_TEAM = BA4ULKZFP8;
				GENERATE_INFOPLIST_FILE = YES;
				MARKETING_VERSION = 1.0;
				PRODUCT_BUNDLE_IDENTIFIER = Nowen.petdetailsUITests;
				PRODUCT_NAME = "$(TARGET_NAME)";
				SWIFT_EMIT_LOC_STRINGS = NO;
				SWIFT_VERSION = 5.0;
				TARGETED_DEVICE_FAMILY = "1,2";
				TEST_TARGET_NAME = petdetails;
			};
			name = Release;
		};
/* End XCBuildConfiguration section */

/* Begin XCConfigurationList section */
		46250E602C08885000659534 /* Build configuration list for PBXProject "petdetails" */ = {
			isa = XCConfigurationList;
			buildConfigurations = (
				46250E8C2C08885400659534 /* Debug */,
				46250E8D2C08885400659534 /* Release */,
			);
			defaultConfigurationIsVisible = 0;
			defaultConfigurationName = Release;
		};
		46250E8E2C08885400659534 /* Build configuration list for PBXNativeTarget "petdetails" */ = {
			isa = XCConfigurationList;
			buildConfigurations = (
				46250E8F2C08885400659534 /* Debug */,
				46250E902C08885400659534 /* Release */,
			);
			defaultConfigurationIsVisible = 0;
			defaultConfigurationName = Release;
		};
		46250E912C08885400659534 /* Build configuration list for PBXNativeTarget "petdetailsTests" */ = {
			isa = XCConfigurationList;
			buildConfigurations = (
				46250E922C08885400659534 /* Debug */,
				46250E932C08885400659534 /* Release */,
			);
			defaultConfigurationIsVisible = 0;
			defaultConfigurationName = Release;
		};
		46250E942C08885400659534 /* Build configuration list for PBXNativeTarget "petdetailsUITests" */ = {
			isa = XCConfigurationList;
			buildConfigurations = (
				46250E952C08885400659534 /* Debug */,
				46250E962C08885400659534 /* Release */,
			);
			defaultConfigurationIsVisible = 0;
			defaultConfigurationName = Release;
		};
/* End XCConfigurationList section */

/* Begin XCVersionGroup section */
		46250E732C08885300659534 /* petdetails.xcdatamodeld */ = {
			isa = XCVersionGroup;
			children = (
				46250E742C08885300659534 /* petdetails.xcdatamodel */,
			);
			currentVersion = 46250E742C08885300659534 /* petdetails.xcdatamodel */;
			path = petdetails.xcdatamodeld;
			sourceTree = "<group>";
			versionGroupType = wrapper.xcdatamodel;
		};
/* End XCVersionGroup section */
	};
	rootObject = 46250E5D2C08885000659534 /* Project object */;
}
